
Microsoft Visual Studio Solution File, Format Version 12.00
# Visual Studio Version 17
VisualStudioVersion = 17.14.36121.58 d17.14
MinimumVisualStudioVersion = 10.0.40219.1
Project("{FAE04EC0-301F-11D3-BF4B-00C04F79EFBC}") = "WinFormsApp2", "WinFormsApp2\WinFormsApp2.csproj", "{4FDD36FE-0157-46E5-A6AC-2788422DBE55}"
EndProject
Global
	GlobalSection(SolutionConfigurationPlatforms) = preSolution
		Debug|Any CPU = Debug|Any CPU
		Release|Any CPU = Release|Any CPU
	EndGlobalSection
	GlobalSection(ProjectConfigurationPlatforms) = postSolution
		{4FDD36FE-0157-46E5-A6AC-2788422DBE55}.Debug|Any CPU.ActiveCfg = Debug|Any CPU
		{4FDD36FE-0157-46E5-A6AC-2788422DBE55}.Debug|Any CPU.Build.0 = Debug|Any CPU
		{4FDD36FE-0157-46E5-A6AC-2788422DBE55}.Release|Any CPU.ActiveCfg = Release|Any CPU
		{4FDD36FE-0157-46E5-A6AC-2788422DBE55}.Release|Any CPU.Build.0 = Release|Any CPU
	EndGlobalSection
	GlobalSection(SolutionProperties) = preSolution
		HideSolutionNode = FALSE
	EndGlobalSection
	GlobalSection(ExtensibilityGlobals) = postSolution
		SolutionGuid = {9CAC8770-F5E2-4F20-B618-F48E518CC66E}
	EndGlobalSection
EndGlobal
